{
  "nodes": {
    "dep1": {
      "inputs": {
        "subdirFlake": "subdirFlake",
        "systems": [
          "systems"
        ]
      },
      "locked": {
        "path": "../dep1",
        "type": "path"
      },
      "original": {
        "path": "../dep1",
        "type": "path"
      },
      "parent": []
    },
    "nixpkgs": {
      "locked": {
        "lastModified": 1738142207,
        "narHash": "sha256-NGqpVVxNAHwIicXpgaVqJEJWeyqzoQJ9oc8lnK9+WC4=",
        "owner": "nixos",
        "repo": "nixpkgs",
        "rev": "9d3ae807ebd2981d593cddd0080856873139aa40",
        "type": "github"
      },
      "original": {
        "owner": "nixos",
        "ref": "nixos-unstable",
        "repo": "nixpkgs",
        "type": "github"
      }
    },
    "root": {
      "inputs": {
        "dep1": "dep1",
        "systems": "systems_2"
      }
    },
    "subdirFlake": {
      "inputs": {
        "nixpkgs": "nixpkgs",
        "systems": "systems"
      },
      "locked": {
        "dir": "examples/simple",
        "lastModified": 1754899873,
        "narHash": "sha256-aytckc4IKHgIamxePU3u0oVCP1V91PqzczrSSmu1k6g=",
        "owner": "nix-systems",
        "repo": "nix-systems",
        "rev": "e5775d986f77d9186686db7f7878b27916deed4f",
        "type": "github"
      },
      "original": {
        "dir": "examples/simple",
        "owner": "nix-systems",
        "repo": "nix-systems",
        "type": "github"
      }
    },
    "systems": {
      "locked": {
        "lastModified": 1681028828,
        "narHash": "sha256-Vy1rq5AaRuLzOxct8nz4T6wlgyUR7zLU309k9mBC768=",
        "owner": "nix-systems",
        "repo": "default",
        "rev": "da67096a3b9bf56a91d16901293e51ba5b49a27e",
        "type": "github"
      },
      "original": {
        "owner": "nix-systems",
        "repo": "default",
        "type": "github"
      }
    },
    "systems_2": {
      "locked": {
        "lastModified": 1680978097,
        "narHash": "sha256-1Zp7TRYLXj4P5FLhQ8jBChrgAmQxR3iTypmWf9EFTnc=",
        "owner": "nix-systems",
        "repo": "aarch64-linux",
        "rev": "aa1ce1b64c822dff925d63d3e771113f71ada1bb",
        "type": "github"
      },
      "original": {
        "owner": "nix-systems",
        "repo": "aarch64-linux",
        "type": "github"
      }
    }
  },
  "root": "root",
  "version": 7
}
